
Microsoft Visual Studio Solution File, Format Version 12.00
# Visual Studio Version 17
VisualStudioVersion = 17.5.33502.453
MinimumVisualStudioVersion = 10.0.40219.1
Project("{FAE04EC0-301F-11D3-BF4B-00C04F79EFBC}") = "QLCongThucNauAn", "QLCongThucNauAn\QLCongThucNauAn.csproj", "{9EF12EB0-D407-4FD1-BC01-8CCC9C253EDA}"
EndProject
Global
	GlobalSection(SolutionConfigurationPlatforms) = preSolution
		Debug|Any CPU = Debug|Any CPU
		Release|Any CPU = Release|Any CPU
	EndGlobalSection
	GlobalSection(ProjectConfigurationPlatforms) = postSolution
		{9EF12EB0-D407-4FD1-BC01-8CCC9C253EDA}.Debug|Any CPU.ActiveCfg = Debug|Any CPU
		{9EF12EB0-D407-4FD1-BC01-8CCC9C253EDA}.Debug|Any CPU.Build.0 = Debug|Any CPU
		{9EF12EB0-D407-4FD1-BC01-8CCC9C253EDA}.Release|Any CPU.ActiveCfg = Release|Any CPU
		{9EF12EB0-D407-4FD1-BC01-8CCC9C253EDA}.Release|Any CPU.Build.0 = Release|Any CPU
	EndGlobalSection
	GlobalSection(SolutionProperties) = preSolution
		HideSolutionNode = FALSE
	EndGlobalSection
	GlobalSection(ExtensibilityGlobals) = postSolution
		SolutionGuid = {1A73797C-B823-493E-8084-D4DA73EE3FC5}
	EndGlobalSection
EndGlobal
